{
  "lockfileVersion": 1,
  "configVersion": 1,
  "workspaces": {
    "": {
      "name": "my-stars",
      "dependencies": {
        "handlebars": "latest",
      },
      "devDependencies": {
        "@biomejs/biome": "latest",
        "@types/bun": "latest",
        "@types/handlebars": "latest",
        "bun-types": "latest",
        "typescript": "latest",
      },
    },
  },
  "packages": {
    "@biomejs/biome": ["@biomejs/biome@2.4.7", "", { "optionalDependencies": { "@biomejs/cli-darwin-arm64": "2.4.7", "@biomejs/cli-darwin-x64": "2.4.7", "@biomejs/cli-linux-arm64": "2.4.7", "@biomejs/cli-linux-arm64-musl": "2.4.7", "@biomejs/cli-linux-x64": "2.4.7", "@biomejs/cli-linux-x64-musl": "2.4.7", "@biomejs/cli-win32-arm64": "2.4.7", "@biomejs/cli-win32-x64": "2.4.7" }, "bin": { "biome": "bin/biome" } }, "sha512-vXrgcmNGZ4lpdwZSpMf1hWw1aWS6B+SyeSYKTLrNsiUsAdSRN0J4d/7mF3ogJFbIwFFSOL3wT92Zzxia/d5/ng=="],

    "@biomejs/cli-darwin-arm64": ["@biomejs/cli-darwin-arm64@2.4.7", "", { "os": "darwin", "cpu": "arm64" }, "sha512-Oo0cF5mHzmvDmTXw8XSjhCia8K6YrZnk7aCS54+/HxyMdZMruMO3nfpDsrlar/EQWe41r1qrwKiCa2QDYHDzWA=="],

    "@biomejs/cli-darwin-x64": ["@biomejs/cli-darwin-x64@2.4.7", "", { "os": "darwin", "cpu": "x64" }, "sha512-I+cOG3sd/7HdFtvDSnF9QQPrWguUH7zrkIMMykM3PtfWU9soTcS2yRb9Myq6MHmzbeCT08D1UmY+BaiMl5CcoQ=="],

    "@biomejs/cli-linux-arm64": ["@biomejs/cli-linux-arm64@2.4.7", "", { "os": "linux", "cpu": "arm64" }, "sha512-om6FugwmibzfP/6ALj5WRDVSND4H2G9X0nkI1HZpp2ySf9lW2j0X68oQSaHEnls6666oy4KDsc5RFjT4m0kV0w=="],

    "@biomejs/cli-linux-arm64-musl": ["@biomejs/cli-linux-arm64-musl@2.4.7", "", { "os": "linux", "cpu": "arm64" }, "sha512-I2NvM9KPb09jWml93O2/5WMfNR7Lee5Latag1JThDRMURVhPX74p9UDnyTw3Ae6cE1DgXfw7sqQgX7rkvpc0vw=="],

    "@biomejs/cli-linux-x64": ["@biomejs/cli-linux-x64@2.4.7", "", { "os": "linux", "cpu": "x64" }, "sha512-bV8/uo2Tj+gumnk4sUdkerWyCPRabaZdv88IpbmDWARQQoA/Q0YaqPz1a+LSEDIL7OfrnPi9Hq1Llz4ZIGyIQQ=="],

    "@biomejs/cli-linux-x64-musl": ["@biomejs/cli-linux-x64-musl@2.4.7", "", { "os": "linux", "cpu": "x64" }, "sha512-00kx4YrBMU8374zd2wHuRV5wseh0rom5HqRND+vDldJPrWwQw+mzd/d8byI9hPx926CG+vWzq6AeiT7Yi5y59g=="],

    "@biomejs/cli-win32-arm64": ["@biomejs/cli-win32-arm64@2.4.7", "", { "os": "win32", "cpu": "arm64" }, "sha512-hOUHBMlFCvDhu3WCq6vaBoG0dp0LkWxSEnEEsxxXvOa9TfT6ZBnbh72A/xBM7CBYB7WgwqboetzFEVDnMxelyw=="],

    "@biomejs/cli-win32-x64": ["@biomejs/cli-win32-x64@2.4.7", "", { "os": "win32", "cpu": "x64" }, "sha512-qEpGjSkPC3qX4ycbMUthXvi9CkRq7kZpkqMY1OyhmYlYLnANnooDQ7hDerM8+0NJ+DZKVnsIc07h30XOpt7LtQ=="],

    "@types/bun": ["@types/bun@1.3.10", "", { "dependencies": { "bun-types": "1.3.10" } }, "sha512-0+rlrUrOrTSskibryHbvQkDOWRJwJZqZlxrUs1u4oOoTln8+WIXBPmAuCF35SWB2z4Zl3E84Nl/D0P7803nigQ=="],

    "@types/handlebars": ["@types/handlebars@4.1.0", "", { "dependencies": { "handlebars": "*" } }, "sha512-gq9YweFKNNB1uFK71eRqsd4niVkXrxHugqWFQkeLRJvGjnxsLr16bYtcsG4tOFwmYi0Bax+wCkbf1reUfdl4kA=="],

    "@types/node": ["@types/node@25.5.0", "", { "dependencies": { "undici-types": "~7.18.0" } }, "sha512-jp2P3tQMSxWugkCUKLRPVUpGaL5MVFwF8RDuSRztfwgN1wmqJeMSbKlnEtQqU8UrhTmzEmZdu2I6v2dpp7XIxw=="],

    "bun-types": ["bun-types@1.3.10", "", { "dependencies": { "@types/node": "*" } }, "sha512-tcpfCCl6XWo6nCVnpcVrxQ+9AYN1iqMIzgrSKYMB/fjLtV2eyAVEg7AxQJuCq/26R6HpKWykQXuSOq/21RYcbg=="],

    "handlebars": ["handlebars@4.7.8", "", { "dependencies": { "minimist": "^1.2.5", "neo-async": "^2.6.2", "source-map": "^0.6.1", "wordwrap": "^1.0.0" }, "optionalDependencies": { "uglify-js": "^3.1.4" }, "bin": { "handlebars": "bin/handlebars" } }, "sha512-vafaFqs8MZkRrSX7sFVUdo3ap/eNiLnb4IakshzvP56X5Nr1iGKAIqdX6tMlm6HcNRIkr6AxO5jFEoJzzpT8aQ=="],

    "minimist": ["minimist@1.2.8", "", {}, "sha512-2yyAR8qBkN3YuheJanUpWC5U3bb5osDywNB8RzDVlDwDHbocAJveqqj1u8+SVD7jkWT4yvsHCpWqqWqAxb0zCA=="],

    "neo-async": ["neo-async@2.6.2", "", {}, "sha512-Yd3UES5mWCSqR+qNT93S3UoYUkqAZ9lLg8a7g9rimsWmYGK8cVToA4/sF3RrshdyV3sAGMXVUmpMYOw+dLpOuw=="],

    "source-map": ["source-map@0.6.1", "", {}, "sha512-UjgapumWlbMhkBgzT7Ykc5YXUT46F0iKu8SGXq0bcwP5dz/h0Plj6enJqjz1Zbq2l5WaqYnrVbwWOWMyF3F47g=="],

    "typescript": ["typescript@5.9.3", "", { "bin": { "tsc": "bin/tsc", "tsserver": "bin/tsserver" } }, "sha512-jl1vZzPDinLr9eUt3J/t7V6FgNEw9QjvBPdysz9KfQDD41fQrC2Y4vKQdiaUpFT4bXlb1RHhLpp8wtm6M5TgSw=="],

    "uglify-js": ["uglify-js@3.19.3", "", { "bin": { "uglifyjs": "bin/uglifyjs" } }, "sha512-v3Xu+yuwBXisp6QYTcH4UbH+xYJXqnq2m/LtQVWKWzYc1iehYnLixoQDN9FH6/j9/oybfd6W9Ghwkl8+UMKTKQ=="],

    "undici-types": ["undici-types@7.18.2", "", {}, "sha512-AsuCzffGHJybSaRrmr5eHr81mwJU3kjw6M+uprWvCXiNeN9SOGwQ3Jn8jb8m3Z6izVgknn1R0FTCEAP2QrLY/w=="],

    "wordwrap": ["wordwrap@1.0.0", "", {}, "sha512-gvVzJFlPycKc5dZN4yPkP8w7Dc37BtP1yczEneOb4uq34pXZcvrtRTmWV8W+Ume+XCxKgbjM+nevkyFPMybd4Q=="],
  }
}
